
Microsoft Visual Studio Solution File, Format Version 12.00
# Visual Studio Version 17
VisualStudioVersion = 17.8.34322.80
MinimumVisualStudioVersion = 10.0.40219.1
Project("{FAE04EC0-301F-11D3-BF4B-00C04F79EFBC}") = "FridgeTrackerZuyd", "FridgeTrackerZuyd.csproj", "{09ABB84E-07A4-4DD8-A2AB-164A8C4D320E}"
EndProject
Global
	GlobalSection(SolutionConfigurationPlatforms) = preSolution
		Debug|Any CPU = Debug|Any CPU
		Release|Any CPU = Release|Any CPU
	EndGlobalSection
	GlobalSection(ProjectConfigurationPlatforms) = postSolution
		{09ABB84E-07A4-4DD8-A2AB-164A8C4D320E}.Debug|Any CPU.ActiveCfg = Debug|Any CPU
		{09ABB84E-07A4-4DD8-A2AB-164A8C4D320E}.Debug|Any CPU.Build.0 = Debug|Any CPU
		{09ABB84E-07A4-4DD8-A2AB-164A8C4D320E}.Debug|Any CPU.Deploy.0 = Debug|Any CPU
		{09ABB84E-07A4-4DD8-A2AB-164A8C4D320E}.Release|Any CPU.ActiveCfg = Release|Any CPU
		{09ABB84E-07A4-4DD8-A2AB-164A8C4D320E}.Release|Any CPU.Build.0 = Release|Any CPU
		{09ABB84E-07A4-4DD8-A2AB-164A8C4D320E}.Release|Any CPU.Deploy.0 = Release|Any CPU
	EndGlobalSection
	GlobalSection(SolutionProperties) = preSolution
		HideSolutionNode = FALSE
	EndGlobalSection
	GlobalSection(ExtensibilityGlobals) = postSolution
		SolutionGuid = {902A9DA2-52D1-4A4B-A5E4-1BE7F7201CED}
	EndGlobalSection
EndGlobal
